
Microsoft Visual Studio Solution File, Format Version 12.00
# Visual Studio Version 17
VisualStudioVersion = 17.2.32630.192
MinimumVisualStudioVersion = 10.0.40219.1
Project("{FAE04EC0-301F-11D3-BF4B-00C04F79EFBC}") = "Bai UNITEST", "Bai UNITEST\Bai UNITEST.csproj", "{AB9D8E52-B7A9-40D0-ABF7-727C5456AB4B}"
EndProject
Project("{FAE04EC0-301F-11D3-BF4B-00C04F79EFBC}") = "TinhtoanTester", "TinhtoanTester\TinhtoanTester.csproj", "{F1995958-0928-4216-99BF-9F34F64F3819}"
EndProject
Global
	GlobalSection(SolutionConfigurationPlatforms) = preSolution
		Debug|Any CPU = Debug|Any CPU
		Release|Any CPU = Release|Any CPU
	EndGlobalSection
	GlobalSection(ProjectConfigurationPlatforms) = postSolution
		{AB9D8E52-B7A9-40D0-ABF7-727C5456AB4B}.Debug|Any CPU.ActiveCfg = Debug|Any CPU
		{AB9D8E52-B7A9-40D0-ABF7-727C5456AB4B}.Debug|Any CPU.Build.0 = Debug|Any CPU
		{AB9D8E52-B7A9-40D0-ABF7-727C5456AB4B}.Release|Any CPU.ActiveCfg = Release|Any CPU
		{AB9D8E52-B7A9-40D0-ABF7-727C5456AB4B}.Release|Any CPU.Build.0 = Release|Any CPU
		{F1995958-0928-4216-99BF-9F34F64F3819}.Debug|Any CPU.ActiveCfg = Debug|Any CPU
		{F1995958-0928-4216-99BF-9F34F64F3819}.Debug|Any CPU.Build.0 = Debug|Any CPU
		{F1995958-0928-4216-99BF-9F34F64F3819}.Release|Any CPU.ActiveCfg = Release|Any CPU
		{F1995958-0928-4216-99BF-9F34F64F3819}.Release|Any CPU.Build.0 = Release|Any CPU
	EndGlobalSection
	GlobalSection(SolutionProperties) = preSolution
		HideSolutionNode = FALSE
	EndGlobalSection
	GlobalSection(ExtensibilityGlobals) = postSolution
		SolutionGuid = {FA82A9F7-18E4-480E-A372-0806C8173602}
	EndGlobalSection
EndGlobal
